# This file is automatically @generated by Cargo.
# It is not intended for manual editing.
version = 4

[[package]]
name = "autocfg"
version = "1.4.0"
source = "registry+https://github.com/rust-lang/crates.io-index"
checksum = "ace50bade8e6234aa140d9a2f552bbee1db4d353f69b8217bc503490fc1a9f26"

[[package]]
name = "bitflags"
version = "2.9.0"
source = "registry+https://github.com/rust-lang/crates.io-index"
checksum = "5c8214115b7bf84099f1309324e63141d4c5d7cc26862f97a0a857dbefe165bd"

[[package]]
name = "bitvec"
version = "1.0.1"
source = "registry+https://github.com/rust-lang/crates.io-index"
checksum = "1bc2832c24239b0141d5674bb9174f9d68a8b5b3f2753311927c172ca46f7e9c"
dependencies = [
 "funty",
 "radium",
 "tap",
 "wyz",
]

[[package]]
name = "bitvec-nom2"
version = "0.2.1"
source = "registry+https://github.com/rust-lang/crates.io-index"
checksum = "d988fcc40055ceaa85edc55875a08f8abd29018582647fd82ad6128dba14a5f0"
dependencies = [
 "bitvec",
 "nom",
]

[[package]]
name = "bytes"
version = "1.10.1"
source = "registry+https://github.com/rust-lang/crates.io-index"
checksum = "d71b6127be86fdcfddb610f7182ac57211d4b18a3e9c82eb2d17662f2227ad6a"

[[package]]
name = "cfg-if"
version = "1.0.1"
source = "registry+https://github.com/rust-lang/crates.io-index"
checksum = "9555578bc9e57714c812a1f84e4fc5b4d21fcb063490c624de019f7464c91268"

[[package]]
name = "chrono"
version = "0.4.40"
source = "registry+https://github.com/rust-lang/crates.io-index"
checksum = "1a7964611d71df112cb1730f2ee67324fcf4d0fc6606acbbe9bfe06df124637c"
dependencies = [
 "num-traits",
]

[[package]]
name = "either"
version = "1.15.0"
source = "registry+https://github.com/rust-lang/crates.io-index"
checksum = "48c757948c5ede0e46177b7add2e67155f70e33c07fea8284df6576da70b3719"

[[package]]
name = "funty"
version = "2.0.0"
source = "registry+https://github.com/rust-lang/crates.io-index"
checksum = "e6d5a32815ae3f33302d95fdcb2ce17862f8c65363dcfd29360480ba1001fc9c"

[[package]]
name = "getrandom"
version = "0.3.2"
source = "registry+https://github.com/rust-lang/crates.io-index"
checksum = "73fea8450eea4bac3940448fb7ae50d91f034f941199fcd9d909a5a07aa455f0"
dependencies = [
 "cfg-if",
 "libc",
 "r-efi",
 "wasi",
]

[[package]]
name = "heck"
version = "0.5.0"
source = "registry+https://github.com/rust-lang/crates.io-index"
checksum = "2304e00983f87ffb38b55b444b5e3b60a884b5d30c0fca7d82fe33449bbe55ea"

[[package]]
name = "itertools"
version = "0.13.0"
source = "registry+https://github.com/rust-lang/crates.io-index"
checksum = "413ee7dfc52ee1a4949ceeb7dbc8a33f2d6c088194d9f922fb8318faf1f01186"
dependencies = [
 "either",
]

[[package]]
name = "itoa"
version = "1.0.15"
source = "registry+https://github.com/rust-lang/crates.io-index"
checksum = "4a5f13b858c8d314ee3e8f639011f7ccefe71f97f96e50151fb991f267928e2c"

[[package]]
name = "libc"
version = "0.2.171"
source = "registry+https://github.com/rust-lang/crates.io-index"
checksum = "c19937216e9d3aa9956d9bb8dfc0b0c8beb6058fc4f7a4dc4d850edf86a237d6"

[[package]]
name = "memchr"
version = "2.7.4"
source = "registry+https://github.com/rust-lang/crates.io-index"
checksum = "78ca9ab1a0babb1e7d5695e3530886289c18cf2f87ec19a575a0abdce112e3a3"

[[package]]
name = "minimal-lexical"
version = "0.2.1"
source = "registry+https://github.com/rust-lang/crates.io-index"
checksum = "68354c5c6bd36d73ff3feceb05efa59b6acb7626617f4962be322a825e61f79a"

[[package]]
name = "nom"
version = "7.1.3"
source = "registry+https://github.com/rust-lang/crates.io-index"
checksum = "d273983c5a657a70a3e8f2a01329822f3b8c8172b73826411a55751e404a0a4a"
dependencies = [
 "memchr",
 "minimal-lexical",
]

[[package]]
name = "num-bigint"
version = "0.4.6"
source = "registry+https://github.com/rust-lang/crates.io-index"
checksum = "a5e44f723f1133c9deac646763579fdb3ac745e418f2a7af9cd0c431da1f20b9"
dependencies = [
 "num-integer",
 "num-traits",
]

[[package]]
name = "num-integer"
version = "0.1.46"
source = "registry+https://github.com/rust-lang/crates.io-index"
checksum = "7969661fd2958a5cb096e56c8e1ad0444ac2bbcd0061bd28660485a44879858f"
dependencies = [
 "num-traits",
]

[[package]]
name = "num-traits"
version = "0.2.19"
source = "registry+https://github.com/rust-lang/crates.io-index"
checksum = "071dfc062690e90b734c0b2273ce72ad0ffa95f0c74596bc250dcfd960262841"
dependencies = [
 "autocfg",
]

[[package]]
name = "once_cell"
version = "1.21.3"
source = "registry+https://github.com/rust-lang/crates.io-index"
checksum = "42f5e15c9953c5e4ccceeb2e7382a716482c34515315f7b03532b8b4e8393d2d"

[[package]]
name = "proc-macro2"
version = "1.0.94"
source = "registry+https://github.com/rust-lang/crates.io-index"
checksum = "a31971752e70b8b2686d7e46ec17fb38dad4051d94024c88df49b667caea9c84"
dependencies = [
 "unicode-ident",
]

[[package]]
name = "quote"
version = "1.0.40"
source = "registry+https://github.com/rust-lang/crates.io-index"
checksum = "1885c039570dc00dcb4ff087a89e185fd56bae234ddc7f056a945bf36467248d"
dependencies = [
 "proc-macro2",
]

[[package]]
name = "r-efi"
version = "5.2.0"
source = "registry+https://github.com/rust-lang/crates.io-index"
checksum = "74765f6d916ee2faa39bc8e68e4f3ed8949b48cccdac59983d287a7cb71ce9c5"

[[package]]
name = "radium"
version = "0.7.0"
source = "registry+https://github.com/rust-lang/crates.io-index"
checksum = "dc33ff2d4973d518d823d61aa239014831e521c75da58e3df4840d3f47749d09"

[[package]]
name = "rasn"
version = "0.28.13"
source = "registry+https://github.com/rust-lang/crates.io-index"
checksum = "88235e585f2f3fc26ad809c79a84dd77e6a7203eb7d12e5bcaab89fc036d3d90"
dependencies = [
 "bitvec",
 "bitvec-nom2",
 "bytes",
 "cfg-if",
 "chrono",
 "either",
 "nom",
 "num-bigint",
 "num-integer",
 "num-traits",
 "once_cell",
 "rasn-derive",
 "serde_json",
 "snafu",
 "xml-no-std",
]

[[package]]
name = "rasn-derive"
version = "0.28.13"
source = "registry+https://github.com/rust-lang/crates.io-index"
checksum = "11dcd4dab09ceadedb3e2bedf340deb583f0e25bba9ad966b5655c2fb62b1392"
dependencies = [
 "proc-macro2",
 "rasn-derive-impl",
 "syn",
]

[[package]]
name = "rasn-derive-impl"
version = "0.28.13"
source = "registry+https://github.com/rust-lang/crates.io-index"
checksum = "f121c276d3f2fba8caabc870288de3f81abdb0bb94d5510651e58e1e00a7b9e7"
dependencies = [
 "either",
 "itertools",
 "proc-macro2",
 "quote",
 "syn",
 "uuid",
]

[[package]]
name = "rasn-ocsp"
version = "0.28.13"
dependencies = [
 "rasn",
 "rasn-pkix",
]

[[package]]
name = "rasn-pkix"
version = "0.28.13"
source = "registry+https://github.com/rust-lang/crates.io-index"
checksum = "dd8a385ace6c844d2389fdfe8c82637dd742d7b997a6fb5826dbb97f4539057e"
dependencies = [
 "rasn",
]

[[package]]
name = "ryu"
version = "1.0.20"
source = "registry+https://github.com/rust-lang/crates.io-index"
checksum = "28d3b2b1366ec20994f1fd18c3c594f05c5dd4bc44d8bb0c1c632c8d6829481f"

[[package]]
name = "serde"
version = "1.0.228"
source = "registry+https://github.com/rust-lang/crates.io-index"
checksum = "9a8e94ea7f378bd32cbbd37198a4a91436180c5bb472411e48b5ec2e2124ae9e"
dependencies = [
 "serde_core",
]

[[package]]
name = "serde_core"
version = "1.0.228"
source = "registry+https://github.com/rust-lang/crates.io-index"
checksum = "41d385c7d4ca58e59fc732af25c3983b67ac852c1a25000afe1175de458b67ad"
dependencies = [
 "serde_derive",
]

[[package]]
name = "serde_derive"
version = "1.0.228"
source = "registry+https://github.com/rust-lang/crates.io-index"
checksum = "d540f220d3187173da220f885ab66608367b6574e925011a9353e4badda91d79"
dependencies = [
 "proc-macro2",
 "quote",
 "syn",
]

[[package]]
name = "serde_json"
version = "1.0.140"
source = "registry+https://github.com/rust-lang/crates.io-index"
checksum = "20068b6e96dc6c9bd23e01df8827e6c7e1f2fddd43c21810382803c136b99373"
dependencies = [
 "itoa",
 "memchr",
 "ryu",
 "serde",
]

[[package]]
name = "snafu"
version = "0.8.5"
source = "registry+https://github.com/rust-lang/crates.io-index"
checksum = "223891c85e2a29c3fe8fb900c1fae5e69c2e42415e3177752e8718475efa5019"
dependencies = [
 "snafu-derive",
]

[[package]]
name = "snafu-derive"
version = "0.8.5"
source = "registry+https://github.com/rust-lang/crates.io-index"
checksum = "03c3c6b7927ffe7ecaa769ee0e3994da3b8cafc8f444578982c83ecb161af917"
dependencies = [
 "heck",
 "proc-macro2",
 "quote",
 "syn",
]

[[package]]
name = "syn"
version = "2.0.100"
source = "registry+https://github.com/rust-lang/crates.io-index"
checksum = "b09a44accad81e1ba1cd74a32461ba89dee89095ba17b32f5d03683b1b1fc2a0"
dependencies = [
 "proc-macro2",
 "quote",
 "unicode-ident",
]

[[package]]
name = "tap"
version = "1.0.1"
source = "registry+https://github.com/rust-lang/crates.io-index"
checksum = "55937e1799185b12863d447f42597ed69d9928686b8d88a1df17376a097d8369"

[[package]]
name = "unicode-ident"
version = "1.0.18"
source = "registry+https://github.com/rust-lang/crates.io-index"
checksum = "5a5f39404a5da50712a4c1eecf25e90dd62b613502b7e925fd4e4d19b5c96512"

[[package]]
name = "uuid"
version = "1.16.0"
source = "registry+https://github.com/rust-lang/crates.io-index"
checksum = "458f7a779bf54acc9f347480ac654f68407d3aab21269a6e3c9f922acd9e2da9"
dependencies = [
 "getrandom",
]

[[package]]
name = "wasi"
version = "0.14.2+wasi-0.2.4"
source = "registry+https://github.com/rust-lang/crates.io-index"
checksum = "9683f9a5a998d873c0d21fcbe3c083009670149a8fab228644b8bd36b2c48cb3"
dependencies = [
 "wit-bindgen-rt",
]

[[package]]
name = "wit-bindgen-rt"
version = "0.39.0"
source = "registry+https://github.com/rust-lang/crates.io-index"
checksum = "6f42320e61fe2cfd34354ecb597f86f413484a798ba44a8ca1165c58d42da6c1"
dependencies = [
 "bitflags",
]

[[package]]
name = "wyz"
version = "0.5.1"
source = "registry+https://github.com/rust-lang/crates.io-index"
checksum = "05f360fc0b24296329c78fda852a1e9ae82de9cf7b27dae4b7f62f118f77b9ed"
dependencies = [
 "tap",
]

[[package]]
name = "xml-no-std"
version = "0.8.26"
source = "registry+https://github.com/rust-lang/crates.io-index"
checksum = "cd223bc94c615fc02bf2f4bbc22a4a9bfe489c2add3ec10b1038df3aca44cac7"
